
Microsoft Visual Studio Solution File, Format Version 12.00
# Visual Studio 15
Project("{FAE04EC0-301F-11D3-BF4B-00C04F79EFBC}") = "201804291851 noCoderefactoring_UntilWin", "201804291851 noCoderefactoring_UntilWin.csproj", "{BFED59AC-3B2A-A7A3-2B31-226DDC12DBF5}"
EndProject
Project("{FAE04EC0-301F-11D3-BF4B-00C04F79EFBC}") = "201804291851 noCoderefactoring_UntilWin.Plugins", "201804291851 noCoderefactoring_UntilWin.Plugins.csproj", "{84991AD3-7E43-195B-D247-0C0BE3856871}"
EndProject
Project("{FAE04EC0-301F-11D3-BF4B-00C04F79EFBC}") = "201804291851 noCoderefactoring_UntilWin.Editor", "201804291851 noCoderefactoring_UntilWin.Editor.csproj", "{4237F069-DEC5-ACD7-6C6E-75B2FAE92298}"
EndProject
Project("{FAE04EC0-301F-11D3-BF4B-00C04F79EFBC}") = "201804291851 noCoderefactoring_UntilWin.Editor.Plugins", "201804291851 noCoderefactoring_UntilWin.Editor.Plugins.csproj", "{1EAAADFC-6CC2-438D-7C1A-606438981B76}"
EndProject
Global
	GlobalSection(SolutionConfigurationPlatforms) = preSolution
		Debug|Any CPU = Debug|Any CPU
		Release|Any CPU = Release|Any CPU
	EndGlobalSection
	GlobalSection(ProjectConfigurationPlatforms) = postSolution
		{BFED59AC-3B2A-A7A3-2B31-226DDC12DBF5}.Debug|Any CPU.ActiveCfg = Debug|Any CPU
		{BFED59AC-3B2A-A7A3-2B31-226DDC12DBF5}.Debug|Any CPU.Build.0 = Debug|Any CPU
		{BFED59AC-3B2A-A7A3-2B31-226DDC12DBF5}.Release|Any CPU.ActiveCfg = Release|Any CPU
		{BFED59AC-3B2A-A7A3-2B31-226DDC12DBF5}.Release|Any CPU.Build.0 = Release|Any CPU
		{84991AD3-7E43-195B-D247-0C0BE3856871}.Debug|Any CPU.ActiveCfg = Debug|Any CPU
		{84991AD3-7E43-195B-D247-0C0BE3856871}.Debug|Any CPU.Build.0 = Debug|Any CPU
		{84991AD3-7E43-195B-D247-0C0BE3856871}.Release|Any CPU.ActiveCfg = Release|Any CPU
		{84991AD3-7E43-195B-D247-0C0BE3856871}.Release|Any CPU.Build.0 = Release|Any CPU
		{4237F069-DEC5-ACD7-6C6E-75B2FAE92298}.Debug|Any CPU.ActiveCfg = Debug|Any CPU
		{4237F069-DEC5-ACD7-6C6E-75B2FAE92298}.Debug|Any CPU.Build.0 = Debug|Any CPU
		{4237F069-DEC5-ACD7-6C6E-75B2FAE92298}.Release|Any CPU.ActiveCfg = Release|Any CPU
		{4237F069-DEC5-ACD7-6C6E-75B2FAE92298}.Release|Any CPU.Build.0 = Release|Any CPU
		{1EAAADFC-6CC2-438D-7C1A-606438981B76}.Debug|Any CPU.ActiveCfg = Debug|Any CPU
		{1EAAADFC-6CC2-438D-7C1A-606438981B76}.Debug|Any CPU.Build.0 = Debug|Any CPU
		{1EAAADFC-6CC2-438D-7C1A-606438981B76}.Release|Any CPU.ActiveCfg = Release|Any CPU
		{1EAAADFC-6CC2-438D-7C1A-606438981B76}.Release|Any CPU.Build.0 = Release|Any CPU
	EndGlobalSection
	GlobalSection(SolutionProperties) = preSolution
		HideSolutionNode = FALSE
	EndGlobalSection
EndGlobal
