
Microsoft Visual Studio Solution File, Format Version 12.00
# Visual Studio 2017
Project("{FAE04EC0-301F-11D3-BF4B-00C04F79EFBC}") = "201804181633", "201804181633.csproj", "{F5F6B44A-60AC-C751-E110-C8D4F8C717D6}"
EndProject
Project("{FAE04EC0-301F-11D3-BF4B-00C04F79EFBC}") = "201804181633.Editor", "201804181633.Editor.csproj", "{49AED4F4-1744-7950-1A56-3BCA642D1B0E}"
EndProject
Global
	GlobalSection(SolutionConfigurationPlatforms) = preSolution
		Debug|Any CPU = Debug|Any CPU
		Release|Any CPU = Release|Any CPU
	EndGlobalSection
	GlobalSection(ProjectConfigurationPlatforms) = postSolution
		{F5F6B44A-60AC-C751-E110-C8D4F8C717D6}.Debug|Any CPU.ActiveCfg = Debug|Any CPU
		{F5F6B44A-60AC-C751-E110-C8D4F8C717D6}.Debug|Any CPU.Build.0 = Debug|Any CPU
		{F5F6B44A-60AC-C751-E110-C8D4F8C717D6}.Release|Any CPU.ActiveCfg = Release|Any CPU
		{F5F6B44A-60AC-C751-E110-C8D4F8C717D6}.Release|Any CPU.Build.0 = Release|Any CPU
		{49AED4F4-1744-7950-1A56-3BCA642D1B0E}.Debug|Any CPU.ActiveCfg = Debug|Any CPU
		{49AED4F4-1744-7950-1A56-3BCA642D1B0E}.Debug|Any CPU.Build.0 = Debug|Any CPU
		{49AED4F4-1744-7950-1A56-3BCA642D1B0E}.Release|Any CPU.ActiveCfg = Release|Any CPU
		{49AED4F4-1744-7950-1A56-3BCA642D1B0E}.Release|Any CPU.Build.0 = Release|Any CPU
	EndGlobalSection
	GlobalSection(SolutionProperties) = preSolution
		HideSolutionNode = FALSE
	EndGlobalSection
EndGlobal
